
Microsoft Visual Studio Solution File, Format Version 12.00
# Visual Studio Version 17
VisualStudioVersion = 17.2.32616.157
MinimumVisualStudioVersion = 10.0.40219.1
Project("{FAE04EC0-301F-11D3-BF4B-00C04F79EFBC}") = "ViewExam", "ViewExam\ViewExam.csproj", "{463D4FF8-0D1F-4D65-A3D8-84E4F273347A}"
EndProject
Project("{FAE04EC0-301F-11D3-BF4B-00C04F79EFBC}") = "PartialViewExam", "PartialViewExam\PartialViewExam.csproj", "{10218035-73F8-4495-B6C7-56B156FA22F7}"
EndProject
Project("{FAE04EC0-301F-11D3-BF4B-00C04F79EFBC}") = "RenderNestedSection", "RenderNestedSection\RenderNestedSection.csproj", "{EC80E1EB-772D-4465-9243-1873ECD34A1D}"
EndProject
Project("{FAE04EC0-301F-11D3-BF4B-00C04F79EFBC}") = "ControllerToView", "ControllerToView\ControllerToView.csproj", "{EC206B6E-39CE-45D2-9CD0-97421E57BB55}"
EndProject
Project("{FAE04EC0-301F-11D3-BF4B-00C04F79EFBC}") = "ViewToController", "ViewToController\ViewToController.csproj", "{D6071176-6EA9-4E4B-92E8-EAD3F18B557D}"
EndProject
Project("{FAE04EC0-301F-11D3-BF4B-00C04F79EFBC}") = "ModelsModelBinding", "ModelsModelBinding\ModelsModelBinding.csproj", "{E590423B-C05B-4F73-948E-62500A2EAA3E}"
EndProject
Project("{FAE04EC0-301F-11D3-BF4B-00C04F79EFBC}") = "OgrenciBilgiSistemi", "OgrenciBilgiSistemi\OgrenciBilgiSistemi.csproj", "{137F75C8-E48F-4D83-8106-DAC46C6A71D6}"
EndProject
Project("{FAE04EC0-301F-11D3-BF4B-00C04F79EFBC}") = "Personel", "Personel\Personel.csproj", "{EBD1F15F-D39D-4BA4-AAFC-B9EAE910DEA5}"
EndProject
Project("{FAE04EC0-301F-11D3-BF4B-00C04F79EFBC}") = "Routing", "Routing\Routing.csproj", "{18DD26E0-9A5F-4630-8F17-FE7D869E9BF6}"
EndProject
Project("{FAE04EC0-301F-11D3-BF4B-00C04F79EFBC}") = "WebApi", "WebApi\WebApi.csproj", "{74BDC0BF-B0B2-45DC-96E6-FE7AD28403CB}"
EndProject
Project("{FAE04EC0-301F-11D3-BF4B-00C04F79EFBC}") = "Filtering", "Filtering\Filtering.csproj", "{86B151E7-B75D-45CA-A71E-6DBE949AF6BA}"
EndProject
Project("{FAE04EC0-301F-11D3-BF4B-00C04F79EFBC}") = "AuthorizationFilter", "AuthorizationFilter\AuthorizationFilter.csproj", "{1AAE3893-1D7E-45E2-A870-D625913E4680}"
EndProject
Project("{FAE04EC0-301F-11D3-BF4B-00C04F79EFBC}") = "RssFeeder", "RssFeeder\RssFeeder.csproj", "{7E6A1D86-1610-49ED-9BB7-E1B9FF6A2303}"
EndProject
Project("{FAE04EC0-301F-11D3-BF4B-00C04F79EFBC}") = "Helper", "Helper\Helper.csproj", "{3E194D01-5EDB-4371-96B8-5D8B8D72DBB2}"
EndProject
Project("{FAE04EC0-301F-11D3-BF4B-00C04F79EFBC}") = "WebHelper", "WebHelper\WebHelper.csproj", "{828B597F-9DF4-4D25-BB15-E0C0794D4695}"
EndProject
Project("{FAE04EC0-301F-11D3-BF4B-00C04F79EFBC}") = "Images", "Images\Images.csproj", "{78BCDB60-5EDB-458D-ADC7-40E575CB7958}"
EndProject
Project("{FAE04EC0-301F-11D3-BF4B-00C04F79EFBC}") = "Grids", "Grids\Grids.csproj", "{8F38F93D-CEF4-4FB7-839B-12BB69101497}"
EndProject
Project("{FAE04EC0-301F-11D3-BF4B-00C04F79EFBC}") = "StateManagement", "StateManagement\StateManagement.csproj", "{20F79BDF-B937-4DA5-A9F9-413DA65274A1}"
EndProject
Project("{FAE04EC0-301F-11D3-BF4B-00C04F79EFBC}") = "IsTakipApp", "IsTakipApp\IsTakipApp.csproj", "{AFDAC66C-C25C-44B4-9339-22024C3B00F4}"
EndProject
Project("{FAE04EC0-301F-11D3-BF4B-00C04F79EFBC}") = "EvrakTakipApp", "EvrakTakipApp\EvrakTakipApp.csproj", "{19B408F7-3972-46EB-8FD0-2D338443F09E}"
EndProject
Global
	GlobalSection(SolutionConfigurationPlatforms) = preSolution
		Debug|Any CPU = Debug|Any CPU
		Release|Any CPU = Release|Any CPU
	EndGlobalSection
	GlobalSection(ProjectConfigurationPlatforms) = postSolution
		{463D4FF8-0D1F-4D65-A3D8-84E4F273347A}.Debug|Any CPU.ActiveCfg = Debug|Any CPU
		{463D4FF8-0D1F-4D65-A3D8-84E4F273347A}.Debug|Any CPU.Build.0 = Debug|Any CPU
		{463D4FF8-0D1F-4D65-A3D8-84E4F273347A}.Release|Any CPU.ActiveCfg = Release|Any CPU
		{463D4FF8-0D1F-4D65-A3D8-84E4F273347A}.Release|Any CPU.Build.0 = Release|Any CPU
		{10218035-73F8-4495-B6C7-56B156FA22F7}.Debug|Any CPU.ActiveCfg = Debug|Any CPU
		{10218035-73F8-4495-B6C7-56B156FA22F7}.Debug|Any CPU.Build.0 = Debug|Any CPU
		{10218035-73F8-4495-B6C7-56B156FA22F7}.Release|Any CPU.ActiveCfg = Release|Any CPU
		{10218035-73F8-4495-B6C7-56B156FA22F7}.Release|Any CPU.Build.0 = Release|Any CPU
		{EC80E1EB-772D-4465-9243-1873ECD34A1D}.Debug|Any CPU.ActiveCfg = Debug|Any CPU
		{EC80E1EB-772D-4465-9243-1873ECD34A1D}.Debug|Any CPU.Build.0 = Debug|Any CPU
		{EC80E1EB-772D-4465-9243-1873ECD34A1D}.Release|Any CPU.ActiveCfg = Release|Any CPU
		{EC80E1EB-772D-4465-9243-1873ECD34A1D}.Release|Any CPU.Build.0 = Release|Any CPU
		{EC206B6E-39CE-45D2-9CD0-97421E57BB55}.Debug|Any CPU.ActiveCfg = Debug|Any CPU
		{EC206B6E-39CE-45D2-9CD0-97421E57BB55}.Debug|Any CPU.Build.0 = Debug|Any CPU
		{EC206B6E-39CE-45D2-9CD0-97421E57BB55}.Release|Any CPU.ActiveCfg = Release|Any CPU
		{EC206B6E-39CE-45D2-9CD0-97421E57BB55}.Release|Any CPU.Build.0 = Release|Any CPU
		{D6071176-6EA9-4E4B-92E8-EAD3F18B557D}.Debug|Any CPU.ActiveCfg = Debug|Any CPU
		{D6071176-6EA9-4E4B-92E8-EAD3F18B557D}.Debug|Any CPU.Build.0 = Debug|Any CPU
		{D6071176-6EA9-4E4B-92E8-EAD3F18B557D}.Release|Any CPU.ActiveCfg = Release|Any CPU
		{D6071176-6EA9-4E4B-92E8-EAD3F18B557D}.Release|Any CPU.Build.0 = Release|Any CPU
		{E590423B-C05B-4F73-948E-62500A2EAA3E}.Debug|Any CPU.ActiveCfg = Debug|Any CPU
		{E590423B-C05B-4F73-948E-62500A2EAA3E}.Debug|Any CPU.Build.0 = Debug|Any CPU
		{E590423B-C05B-4F73-948E-62500A2EAA3E}.Release|Any CPU.ActiveCfg = Release|Any CPU
		{E590423B-C05B-4F73-948E-62500A2EAA3E}.Release|Any CPU.Build.0 = Release|Any CPU
		{137F75C8-E48F-4D83-8106-DAC46C6A71D6}.Debug|Any CPU.ActiveCfg = Debug|Any CPU
		{137F75C8-E48F-4D83-8106-DAC46C6A71D6}.Debug|Any CPU.Build.0 = Debug|Any CPU
		{137F75C8-E48F-4D83-8106-DAC46C6A71D6}.Release|Any CPU.ActiveCfg = Release|Any CPU
		{137F75C8-E48F-4D83-8106-DAC46C6A71D6}.Release|Any CPU.Build.0 = Release|Any CPU
		{EBD1F15F-D39D-4BA4-AAFC-B9EAE910DEA5}.Debug|Any CPU.ActiveCfg = Debug|Any CPU
		{EBD1F15F-D39D-4BA4-AAFC-B9EAE910DEA5}.Debug|Any CPU.Build.0 = Debug|Any CPU
		{EBD1F15F-D39D-4BA4-AAFC-B9EAE910DEA5}.Release|Any CPU.ActiveCfg = Release|Any CPU
		{EBD1F15F-D39D-4BA4-AAFC-B9EAE910DEA5}.Release|Any CPU.Build.0 = Release|Any CPU
		{18DD26E0-9A5F-4630-8F17-FE7D869E9BF6}.Debug|Any CPU.ActiveCfg = Debug|Any CPU
		{18DD26E0-9A5F-4630-8F17-FE7D869E9BF6}.Debug|Any CPU.Build.0 = Debug|Any CPU
		{18DD26E0-9A5F-4630-8F17-FE7D869E9BF6}.Release|Any CPU.ActiveCfg = Release|Any CPU
		{18DD26E0-9A5F-4630-8F17-FE7D869E9BF6}.Release|Any CPU.Build.0 = Release|Any CPU
		{74BDC0BF-B0B2-45DC-96E6-FE7AD28403CB}.Debug|Any CPU.ActiveCfg = Debug|Any CPU
		{74BDC0BF-B0B2-45DC-96E6-FE7AD28403CB}.Debug|Any CPU.Build.0 = Debug|Any CPU
		{74BDC0BF-B0B2-45DC-96E6-FE7AD28403CB}.Release|Any CPU.ActiveCfg = Release|Any CPU
		{74BDC0BF-B0B2-45DC-96E6-FE7AD28403CB}.Release|Any CPU.Build.0 = Release|Any CPU
		{86B151E7-B75D-45CA-A71E-6DBE949AF6BA}.Debug|Any CPU.ActiveCfg = Debug|Any CPU
		{86B151E7-B75D-45CA-A71E-6DBE949AF6BA}.Debug|Any CPU.Build.0 = Debug|Any CPU
		{86B151E7-B75D-45CA-A71E-6DBE949AF6BA}.Release|Any CPU.ActiveCfg = Release|Any CPU
		{86B151E7-B75D-45CA-A71E-6DBE949AF6BA}.Release|Any CPU.Build.0 = Release|Any CPU
		{1AAE3893-1D7E-45E2-A870-D625913E4680}.Debug|Any CPU.ActiveCfg = Debug|Any CPU
		{1AAE3893-1D7E-45E2-A870-D625913E4680}.Debug|Any CPU.Build.0 = Debug|Any CPU
		{1AAE3893-1D7E-45E2-A870-D625913E4680}.Release|Any CPU.ActiveCfg = Release|Any CPU
		{1AAE3893-1D7E-45E2-A870-D625913E4680}.Release|Any CPU.Build.0 = Release|Any CPU
		{7E6A1D86-1610-49ED-9BB7-E1B9FF6A2303}.Debug|Any CPU.ActiveCfg = Debug|Any CPU
		{7E6A1D86-1610-49ED-9BB7-E1B9FF6A2303}.Debug|Any CPU.Build.0 = Debug|Any CPU
		{7E6A1D86-1610-49ED-9BB7-E1B9FF6A2303}.Release|Any CPU.ActiveCfg = Release|Any CPU
		{7E6A1D86-1610-49ED-9BB7-E1B9FF6A2303}.Release|Any CPU.Build.0 = Release|Any CPU
		{3E194D01-5EDB-4371-96B8-5D8B8D72DBB2}.Debug|Any CPU.ActiveCfg = Debug|Any CPU
		{3E194D01-5EDB-4371-96B8-5D8B8D72DBB2}.Debug|Any CPU.Build.0 = Debug|Any CPU
		{3E194D01-5EDB-4371-96B8-5D8B8D72DBB2}.Release|Any CPU.ActiveCfg = Release|Any CPU
		{3E194D01-5EDB-4371-96B8-5D8B8D72DBB2}.Release|Any CPU.Build.0 = Release|Any CPU
		{828B597F-9DF4-4D25-BB15-E0C0794D4695}.Debug|Any CPU.ActiveCfg = Debug|Any CPU
		{828B597F-9DF4-4D25-BB15-E0C0794D4695}.Debug|Any CPU.Build.0 = Debug|Any CPU
		{828B597F-9DF4-4D25-BB15-E0C0794D4695}.Release|Any CPU.ActiveCfg = Release|Any CPU
		{828B597F-9DF4-4D25-BB15-E0C0794D4695}.Release|Any CPU.Build.0 = Release|Any CPU
		{78BCDB60-5EDB-458D-ADC7-40E575CB7958}.Debug|Any CPU.ActiveCfg = Debug|Any CPU
		{78BCDB60-5EDB-458D-ADC7-40E575CB7958}.Debug|Any CPU.Build.0 = Debug|Any CPU
		{78BCDB60-5EDB-458D-ADC7-40E575CB7958}.Release|Any CPU.ActiveCfg = Release|Any CPU
		{78BCDB60-5EDB-458D-ADC7-40E575CB7958}.Release|Any CPU.Build.0 = Release|Any CPU
		{8F38F93D-CEF4-4FB7-839B-12BB69101497}.Debug|Any CPU.ActiveCfg = Debug|Any CPU
		{8F38F93D-CEF4-4FB7-839B-12BB69101497}.Debug|Any CPU.Build.0 = Debug|Any CPU
		{8F38F93D-CEF4-4FB7-839B-12BB69101497}.Release|Any CPU.ActiveCfg = Release|Any CPU
		{8F38F93D-CEF4-4FB7-839B-12BB69101497}.Release|Any CPU.Build.0 = Release|Any CPU
		{20F79BDF-B937-4DA5-A9F9-413DA65274A1}.Debug|Any CPU.ActiveCfg = Debug|Any CPU
		{20F79BDF-B937-4DA5-A9F9-413DA65274A1}.Debug|Any CPU.Build.0 = Debug|Any CPU
		{20F79BDF-B937-4DA5-A9F9-413DA65274A1}.Release|Any CPU.ActiveCfg = Release|Any CPU
		{20F79BDF-B937-4DA5-A9F9-413DA65274A1}.Release|Any CPU.Build.0 = Release|Any CPU
		{AFDAC66C-C25C-44B4-9339-22024C3B00F4}.Debug|Any CPU.ActiveCfg = Debug|Any CPU
		{AFDAC66C-C25C-44B4-9339-22024C3B00F4}.Debug|Any CPU.Build.0 = Debug|Any CPU
		{AFDAC66C-C25C-44B4-9339-22024C3B00F4}.Release|Any CPU.ActiveCfg = Release|Any CPU
		{AFDAC66C-C25C-44B4-9339-22024C3B00F4}.Release|Any CPU.Build.0 = Release|Any CPU
		{19B408F7-3972-46EB-8FD0-2D338443F09E}.Debug|Any CPU.ActiveCfg = Debug|Any CPU
		{19B408F7-3972-46EB-8FD0-2D338443F09E}.Debug|Any CPU.Build.0 = Debug|Any CPU
		{19B408F7-3972-46EB-8FD0-2D338443F09E}.Release|Any CPU.ActiveCfg = Release|Any CPU
		{19B408F7-3972-46EB-8FD0-2D338443F09E}.Release|Any CPU.Build.0 = Release|Any CPU
	EndGlobalSection
	GlobalSection(SolutionProperties) = preSolution
		HideSolutionNode = FALSE
	EndGlobalSection
	GlobalSection(ExtensibilityGlobals) = postSolution
		SolutionGuid = {9AAFB91C-7C97-484E-83C1-576072F93DA7}
	EndGlobalSection
EndGlobal
