
Microsoft Visual Studio Solution File, Format Version 12.00
# Visual Studio Version 17
VisualStudioVersion = 17.2.32616.157
MinimumVisualStudioVersion = 10.0.40219.1
Project("{FAE04EC0-301F-11D3-BF4B-00C04F79EFBC}") = "ViewExam", "ViewExam\ViewExam.csproj", "{463D4FF8-0D1F-4D65-A3D8-84E4F273347A}"
EndProject
Project("{FAE04EC0-301F-11D3-BF4B-00C04F79EFBC}") = "PartialViewExam", "PartialViewExam\PartialViewExam.csproj", "{10218035-73F8-4495-B6C7-56B156FA22F7}"
EndProject
Project("{FAE04EC0-301F-11D3-BF4B-00C04F79EFBC}") = "RenderNestedSection", "RenderNestedSection\RenderNestedSection.csproj", "{EC80E1EB-772D-4465-9243-1873ECD34A1D}"
EndProject
Project("{FAE04EC0-301F-11D3-BF4B-00C04F79EFBC}") = "ControllerToView", "ControllerToView\ControllerToView.csproj", "{EC206B6E-39CE-45D2-9CD0-97421E57BB55}"
EndProject
Project("{FAE04EC0-301F-11D3-BF4B-00C04F79EFBC}") = "ViewToController", "ViewToController\ViewToController.csproj", "{D6071176-6EA9-4E4B-92E8-EAD3F18B557D}"
EndProject
Project("{FAE04EC0-301F-11D3-BF4B-00C04F79EFBC}") = "ModelsModelBinding", "ModelsModelBinding\ModelsModelBinding.csproj", "{E590423B-C05B-4F73-948E-62500A2EAA3E}"
EndProject
Project("{FAE04EC0-301F-11D3-BF4B-00C04F79EFBC}") = "OgrenciBilgiSistemi", "OgrenciBilgiSistemi\OgrenciBilgiSistemi.csproj", "{137F75C8-E48F-4D83-8106-DAC46C6A71D6}"
EndProject
Global
	GlobalSection(SolutionConfigurationPlatforms) = preSolution
		Debug|Any CPU = Debug|Any CPU
		Release|Any CPU = Release|Any CPU
	EndGlobalSection
	GlobalSection(ProjectConfigurationPlatforms) = postSolution
		{463D4FF8-0D1F-4D65-A3D8-84E4F273347A}.Debug|Any CPU.ActiveCfg = Debug|Any CPU
		{463D4FF8-0D1F-4D65-A3D8-84E4F273347A}.Debug|Any CPU.Build.0 = Debug|Any CPU
		{463D4FF8-0D1F-4D65-A3D8-84E4F273347A}.Release|Any CPU.ActiveCfg = Release|Any CPU
		{463D4FF8-0D1F-4D65-A3D8-84E4F273347A}.Release|Any CPU.Build.0 = Release|Any CPU
		{10218035-73F8-4495-B6C7-56B156FA22F7}.Debug|Any CPU.ActiveCfg = Debug|Any CPU
		{10218035-73F8-4495-B6C7-56B156FA22F7}.Debug|Any CPU.Build.0 = Debug|Any CPU
		{10218035-73F8-4495-B6C7-56B156FA22F7}.Release|Any CPU.ActiveCfg = Release|Any CPU
		{10218035-73F8-4495-B6C7-56B156FA22F7}.Release|Any CPU.Build.0 = Release|Any CPU
		{EC80E1EB-772D-4465-9243-1873ECD34A1D}.Debug|Any CPU.ActiveCfg = Debug|Any CPU
		{EC80E1EB-772D-4465-9243-1873ECD34A1D}.Debug|Any CPU.Build.0 = Debug|Any CPU
		{EC80E1EB-772D-4465-9243-1873ECD34A1D}.Release|Any CPU.ActiveCfg = Release|Any CPU
		{EC80E1EB-772D-4465-9243-1873ECD34A1D}.Release|Any CPU.Build.0 = Release|Any CPU
		{EC206B6E-39CE-45D2-9CD0-97421E57BB55}.Debug|Any CPU.ActiveCfg = Debug|Any CPU
		{EC206B6E-39CE-45D2-9CD0-97421E57BB55}.Debug|Any CPU.Build.0 = Debug|Any CPU
		{EC206B6E-39CE-45D2-9CD0-97421E57BB55}.Release|Any CPU.ActiveCfg = Release|Any CPU
		{EC206B6E-39CE-45D2-9CD0-97421E57BB55}.Release|Any CPU.Build.0 = Release|Any CPU
		{D6071176-6EA9-4E4B-92E8-EAD3F18B557D}.Debug|Any CPU.ActiveCfg = Debug|Any CPU
		{D6071176-6EA9-4E4B-92E8-EAD3F18B557D}.Debug|Any CPU.Build.0 = Debug|Any CPU
		{D6071176-6EA9-4E4B-92E8-EAD3F18B557D}.Release|Any CPU.ActiveCfg = Release|Any CPU
		{D6071176-6EA9-4E4B-92E8-EAD3F18B557D}.Release|Any CPU.Build.0 = Release|Any CPU
		{E590423B-C05B-4F73-948E-62500A2EAA3E}.Debug|Any CPU.ActiveCfg = Debug|Any CPU
		{E590423B-C05B-4F73-948E-62500A2EAA3E}.Debug|Any CPU.Build.0 = Debug|Any CPU
		{E590423B-C05B-4F73-948E-62500A2EAA3E}.Release|Any CPU.ActiveCfg = Release|Any CPU
		{E590423B-C05B-4F73-948E-62500A2EAA3E}.Release|Any CPU.Build.0 = Release|Any CPU
		{137F75C8-E48F-4D83-8106-DAC46C6A71D6}.Debug|Any CPU.ActiveCfg = Debug|Any CPU
		{137F75C8-E48F-4D83-8106-DAC46C6A71D6}.Debug|Any CPU.Build.0 = Debug|Any CPU
		{137F75C8-E48F-4D83-8106-DAC46C6A71D6}.Release|Any CPU.ActiveCfg = Release|Any CPU
		{137F75C8-E48F-4D83-8106-DAC46C6A71D6}.Release|Any CPU.Build.0 = Release|Any CPU
	EndGlobalSection
	GlobalSection(SolutionProperties) = preSolution
		HideSolutionNode = FALSE
	EndGlobalSection
	GlobalSection(ExtensibilityGlobals) = postSolution
		SolutionGuid = {9AAFB91C-7C97-484E-83C1-576072F93DA7}
	EndGlobalSection
EndGlobal
